
Microsoft Visual Studio Solution File, Format Version 12.00
# Visual Studio Version 17
VisualStudioVersion = 17.7.34031.279
MinimumVisualStudioVersion = 10.0.40219.1
Project("{FAE04EC0-301F-11D3-BF4B-00C04F79EFBC}") = "serveu", "serveu\serveu.csproj", "{A6455C1D-E2CD-4586-BE01-7D2C63ED61B6}"
EndProject
Global
	GlobalSection(SolutionConfigurationPlatforms) = preSolution
		Debug|Any CPU = Debug|Any CPU
		Release|Any CPU = Release|Any CPU
	EndGlobalSection
	GlobalSection(ProjectConfigurationPlatforms) = postSolution
		{A6455C1D-E2CD-4586-BE01-7D2C63ED61B6}.Debug|Any CPU.ActiveCfg = Debug|Any CPU
		{A6455C1D-E2CD-4586-BE01-7D2C63ED61B6}.Debug|Any CPU.Build.0 = Debug|Any CPU
		{A6455C1D-E2CD-4586-BE01-7D2C63ED61B6}.Release|Any CPU.ActiveCfg = Release|Any CPU
		{A6455C1D-E2CD-4586-BE01-7D2C63ED61B6}.Release|Any CPU.Build.0 = Release|Any CPU
	EndGlobalSection
	GlobalSection(SolutionProperties) = preSolution
		HideSolutionNode = FALSE
	EndGlobalSection
	GlobalSection(ExtensibilityGlobals) = postSolution
		SolutionGuid = {54844837-8F73-4164-96E6-6474B8FD1B46}
	EndGlobalSection
EndGlobal
